{
    "_readme": [
        "This file locks the dependencies of your project to a known state",
        "Read more about it at https://getcomposer.org/doc/01-basic-usage.md#installing-dependencies",
        "This file is @generated automatically"
    ],
    "content-hash": "026c16dcc7d419d215501fc22f2931a8",
    "packages": [
        {
            "name": "nikic/php-parser",
            "version": "v5.7.0",
            "source": {
                "type": "git",
                "url": "https://github.com/nikic/PHP-Parser.git",
                "reference": "dca41cd15c2ac9d055ad70dbfd011130757d1f82"
            },
            "dist": {
                "type": "zip",
                "url": "https://api.github.com/repos/nikic/PHP-Parser/zipball/dca41cd15c2ac9d055ad70dbfd011130757d1f82",
                "reference": "dca41cd15c2ac9d055ad70dbfd011130757d1f82",
                "shasum": ""
            },
            "require": {
                "ext-ctype": "*",
                "ext-json": "*",
                "ext-tokenizer": "*",
                "php": ">=7.4"
            },
            "require-dev": {
                "ircmaxell/php-yacc": "^0.0.7",
                "phpunit/phpunit": "^9.0"
            },
            "bin": [
                "bin/php-parse"
            ],
            "type": "library",
            "extra": {
                "branch-alias": {
                    "dev-master": "5.x-dev"
                }
            },
            "autoload": {
                "psr-4": {
                    "PhpParser\\": "lib/PhpParser"
                }
            },
            "notification-url": "https://packagist.org/downloads/",
            "license": [
                "BSD-3-Clause"
            ],
            "authors": [
                {
                    "name": "Nikita Popov"
                }
            ],
            "description": "A PHP parser written in PHP",
            "keywords": [
                "parser",
                "php"
            ],
            "support": {
                "issues": "https://github.com/nikic/PHP-Parser/issues",
                "source": "https://github.com/nikic/PHP-Parser/tree/v5.7.0"
            },
            "time": "2025-12-06T11:56:16+00:00"
        },
        {
            "name": "psr/container",
            "version": "2.0.2",
            "source": {
                "type": "git",
                "url": "https://github.com/php-fig/container.git",
                "reference": "c71ecc56dfe541dbd90c5360474fbc405f8d5963"
            },
            "dist": {
                "type": "zip",
                "url": "https://api.github.com/repos/php-fig/container/zipball/c71ecc56dfe541dbd90c5360474fbc405f8d5963",
                "reference": "c71ecc56dfe541dbd90c5360474fbc405f8d5963",
                "shasum": ""
            },
            "require": {
                "php": ">=7.4.0"
            },
            "type": "library",
            "extra": {
                "branch-alias": {
                    "dev-master": "2.0.x-dev"
                }
            },
            "autoload": {
                "psr-4": {
                    "Psr\\Container\\": "src/"
                }
            },
            "notification-url": "https://packagist.org/downloads/",
            "license": [
                "MIT"
            ],
            "authors": [
                {
                    "name": "PHP-FIG",
                    "homepage": "https://www.php-fig.org/"
                }
            ],
            "description": "Common Container Interface (PHP FIG PSR-11)",
            "homepage": "https://github.com/php-fig/container",
            "keywords": [
                "PSR-11",
                "container",
                "container-interface",
                "container-interop",
                "psr"
            ],
            "support": {
                "issues": "https://github.com/php-fig/container/issues",
                "source": "https://github.com/php-fig/container/tree/2.0.2"
            },
            "time": "2021-11-05T16:47:00+00:00"
        },
        {
            "name": "psr/event-dispatcher",
            "version": "1.0.0",
            "source": {
                "type": "git",
                "url": "https://github.com/php-fig/event-dispatcher.git",
                "reference": "dbefd12671e8a14ec7f180cab83036ed26714bb0"
            },
            "dist": {
                "type": "zip",
                "url": "https://api.github.com/repos/php-fig/event-dispatcher/zipball/dbefd12671e8a14ec7f180cab83036ed26714bb0",
                "reference": "dbefd12671e8a14ec7f180cab83036ed26714bb0",
                "shasum": ""
            },
            "require": {
                "php": ">=7.2.0"
            },
            "type": "library",
            "extra": {
                "branch-alias": {
                    "dev-master": "1.0.x-dev"
                }
            },
            "autoload": {
                "psr-4": {
                    "Psr\\EventDispatcher\\": "src/"
                }
            },
            "notification-url": "https://packagist.org/downloads/",
            "license": [
                "MIT"
            ],
            "authors": [
                {
                    "name": "PHP-FIG",
                    "homepage": "http://www.php-fig.org/"
                }
            ],
            "description": "Standard interfaces for event handling.",
            "keywords": [
                "events",
                "psr",
                "psr-14"
            ],
            "support": {
                "issues": "https://github.com/php-fig/event-dispatcher/issues",
                "source": "https://github.com/php-fig/event-dispatcher/tree/1.0.0"
            },
            "time": "2019-01-08T18:20:26+00:00"
        },
        {
            "name": "psr/http-message",
            "version": "2.0",
            "source": {
                "type": "git",
                "url": "https://github.com/php-fig/http-message.git",
                "reference": "402d35bcb92c70c026d1a6a9883f06b2ead23d71"
            },
            "dist": {
                "type": "zip",
                "url": "https://api.github.com/repos/php-fig/http-message/zipball/402d35bcb92c70c026d1a6a9883f06b2ead23d71",
                "reference": "402d35bcb92c70c026d1a6a9883f06b2ead23d71",
                "shasum": ""
            },
            "require": {
                "php": "^7.2 || ^8.0"
            },
            "type": "library",
            "extra": {
                "branch-alias": {
                    "dev-master": "2.0.x-dev"
                }
            },
            "autoload": {
                "psr-4": {
                    "Psr\\Http\\Message\\": "src/"
                }
            },
            "notification-url": "https://packagist.org/downloads/",
            "license": [
                "MIT"
            ],
            "authors": [
                {
                    "name": "PHP-FIG",
                    "homepage": "https://www.php-fig.org/"
                }
            ],
            "description": "Common interface for HTTP messages",
            "homepage": "https://github.com/php-fig/http-message",
            "keywords": [
                "http",
                "http-message",
                "psr",
                "psr-7",
                "request",
                "response"
            ],
            "support": {
                "source": "https://github.com/php-fig/http-message/tree/2.0"
            },
            "time": "2023-04-04T09:54:51+00:00"
        },
        {
            "name": "psr/http-server-handler",
            "version": "1.0.2",
            "source": {
                "type": "git",
                "url": "https://github.com/php-fig/http-server-handler.git",
                "reference": "84c4fb66179be4caaf8e97bd239203245302e7d4"
            },
            "dist": {
                "type": "zip",
                "url": "https://api.github.com/repos/php-fig/http-server-handler/zipball/84c4fb66179be4caaf8e97bd239203245302e7d4",
                "reference": "84c4fb66179be4caaf8e97bd239203245302e7d4",
                "shasum": ""
            },
            "require": {
                "php": ">=7.0",
                "psr/http-message": "^1.0 || ^2.0"
            },
            "type": "library",
            "extra": {
                "branch-alias": {
                    "dev-master": "1.0.x-dev"
                }
            },
            "autoload": {
                "psr-4": {
                    "Psr\\Http\\Server\\": "src/"
                }
            },
            "notification-url": "https://packagist.org/downloads/",
            "license": [
                "MIT"
            ],
            "authors": [
                {
                    "name": "PHP-FIG",
                    "homepage": "https://www.php-fig.org/"
                }
            ],
            "description": "Common interface for HTTP server-side request handler",
            "keywords": [
                "handler",
                "http",
                "http-interop",
                "psr",
                "psr-15",
                "psr-7",
                "request",
                "response",
                "server"
            ],
            "support": {
                "source": "https://github.com/php-fig/http-server-handler/tree/1.0.2"
            },
            "time": "2023-04-10T20:06:20+00:00"
        },
        {
            "name": "psr/log",
            "version": "3.0.2",
            "source": {
                "type": "git",
                "url": "https://github.com/php-fig/log.git",
                "reference": "f16e1d5863e37f8d8c2a01719f5b34baa2b714d3"
            },
            "dist": {
                "type": "zip",
                "url": "https://api.github.com/repos/php-fig/log/zipball/f16e1d5863e37f8d8c2a01719f5b34baa2b714d3",
                "reference": "f16e1d5863e37f8d8c2a01719f5b34baa2b714d3",
                "shasum": ""
            },
            "require": {
                "php": ">=8.0.0"
            },
            "type": "library",
            "extra": {
                "branch-alias": {
                    "dev-master": "3.x-dev"
                }
            },
            "autoload": {
                "psr-4": {
                    "Psr\\Log\\": "src"
                }
            },
            "notification-url": "https://packagist.org/downloads/",
            "license": [
                "MIT"
            ],
            "authors": [
                {
                    "name": "PHP-FIG",
                    "homepage": "https://www.php-fig.org/"
                }
            ],
            "description": "Common interface for logging libraries",
            "homepage": "https://github.com/php-fig/log",
            "keywords": [
                "log",
                "psr",
                "psr-3"
            ],
            "support": {
                "source": "https://github.com/php-fig/log/tree/3.0.2"
            },
            "time": "2024-09-11T13:17:53+00:00"
        },
        {
            "name": "valkyrja/valkyrja",
            "version": "v26.3.0",
            "source": {
                "type": "git",
                "url": "https://github.com/valkyrjaio/valkyrja-php.git",
                "reference": "9ac7d0a83d40de0dacb7c8447b0517264f5a605a"
            },
            "dist": {
                "type": "zip",
                "url": "https://api.github.com/repos/valkyrjaio/valkyrja-php/zipball/9ac7d0a83d40de0dacb7c8447b0517264f5a605a",
                "reference": "9ac7d0a83d40de0dacb7c8447b0517264f5a605a",
                "shasum": ""
            },
            "require": {
                "php": ">=8.4",
                "psr/container": "^2.0.2",
                "psr/event-dispatcher": "^1.0.0",
                "psr/http-message": "^2.0",
                "psr/http-server-handler": "^1.0.2",
                "psr/log": "^3.0.2"
            },
            "conflict": {
                "filp/whoops": "<2.18.4",
                "firebase/php-jwt": "<7.0.5",
                "guzzlehttp/guzzle": "<7.10.0",
                "league/flysystem": "<3.34.0",
                "league/flysystem-aws-s3-v3": "<3.34.0",
                "mailgun/mailgun-php": "<4.5.0",
                "monolog/monolog": "<3.10.0",
                "phpmailer/phpmailer": "<7.1.0",
                "predis/predis": "<3.4.2",
                "pusher/pusher-php-server": "<7.2.7",
                "twig/twig": "<3.24.0",
                "vonage/client-core": "<4.13.0"
            },
            "require-dev": {
                "filp/whoops": "^2.18.4",
                "firebase/php-jwt": "^7.0.5",
                "guzzlehttp/guzzle": "^7.10.0",
                "league/flysystem": "^3.34.0",
                "league/flysystem-aws-s3-v3": "^3.34.0",
                "mailgun/mailgun-php": "^4.5.0",
                "monolog/monolog": "^3.10.0",
                "phpmailer/phpmailer": "^7.1.0",
                "predis/predis": "^3.4.2",
                "pusher/pusher-php-server": "^7.2.7",
                "twig/twig": "^3.24.0",
                "vonage/client-core": "^4.13.0"
            },
            "suggest": {
                "ext-curl": "Required to use the default Client adapter (*)",
                "ext-pdo": "Required to use the default ORM adapter (*)",
                "ext-redis": "Required to use the default Cache store (^4.0|^5.0).",
                "ext-sodium": "Required to use the default Crypt adapters and/or JWT EdDSA Algorithm (*)",
                "filp/whoops": "Required to use the default Throwable handler (^2.18.4)",
                "firebase/php-jwt": "Required to use the default Jwt adapter (^7.0.5)",
                "guzzlehttp/guzzle": "Required to use the default Client adapter (^7.10.0).",
                "league/flysystem": "Required to use the default Filesystem adapter (^3.34.0).",
                "league/flysystem-aws-s3-v3": "Required to use the s3 Filesystem adapter (^3.34.0)",
                "mailgun/mailgun-php": "Required to use the Mailgun Mail adapter (^4.5.0).",
                "monolog/monolog": "Required to use the default Log adapter (^3.10.0).",
                "phpmailer/phpmailer": "Required to use the default Mail adapter (^7.1.0).",
                "predis/predis": "Required to use the Redis Cache store (^3.4.2).",
                "pusher/pusher-php-server": "Required to use the Pusher Broadcast adapter (^7.2.7).",
                "twig/twig": "Required to use the Twig View engine (^3.24.0).",
                "vonage/client-core": "Required to use the default SMS adapter (^4.13.0)."
            },
            "type": "project",
            "autoload": {
                "psr-4": {
                    "Valkyrja\\": "src/Valkyrja"
                }
            },
            "notification-url": "https://packagist.org/downloads/",
            "license": [
                "MIT"
            ],
            "authors": [
                {
                    "name": "Melech Mizrachi",
                    "email": "melechmizrachi@gmail.com"
                }
            ],
            "description": "The Valkyrja Framework.",
            "homepage": "https://www.valkyrja.io",
            "keywords": [
                "framework",
                "valkyrja"
            ],
            "support": {
                "issues": "https://github.com/valkyrjaio/valkyrja-php/issues",
                "source": "https://github.com/valkyrjaio/valkyrja-php/tree/v26.3.0"
            },
            "time": "2026-05-15T20:30:15+00:00"
        }
    ],
    "packages-dev": [],
    "aliases": [],
    "minimum-stability": "dev",
    "stability-flags": {},
    "prefer-stable": true,
    "prefer-lowest": false,
    "platform": {
        "php": ">=8.4"
    },
    "platform-dev": {},
    "plugin-api-version": "2.9.0"
}
